
Microsoft Visual Studio Solution File, Format Version 12.00
# Visual Studio Version 16
VisualStudioVersion = 16.0.33423.256
MinimumVisualStudioVersion = 10.0.40219.1
Project("{FAE04EC0-301F-11D3-BF4B-00C04F79EFBC}") = "TradeBotDashboard", "TradeBotDashboard.csproj", "{2D3F144E-DB73-433B-82BD-F77345879875}"
EndProject
Global
	GlobalSection(SolutionConfigurationPlatforms) = preSolution
		Debug|Any CPU = Debug|Any CPU
		Release|Any CPU = Release|Any CPU
	EndGlobalSection
	GlobalSection(ProjectConfigurationPlatforms) = postSolution
		{2D3F144E-DB73-433B-82BD-F77345879875}.Debug|Any CPU.ActiveCfg = Debug|Any CPU
		{2D3F144E-DB73-433B-82BD-F77345879875}.Debug|Any CPU.Build.0 = Debug|Any CPU
		{2D3F144E-DB73-433B-82BD-F77345879875}.Release|Any CPU.ActiveCfg = Release|Any CPU
		{2D3F144E-DB73-433B-82BD-F77345879875}.Release|Any CPU.Build.0 = Release|Any CPU
	EndGlobalSection
	GlobalSection(SolutionProperties) = preSolution
		HideSolutionNode = FALSE
	EndGlobalSection
	GlobalSection(ExtensibilityGlobals) = postSolution
		SolutionGuid = {48902183-AF04-470F-822D-3414E47191F8}
	EndGlobalSection
EndGlobal
